// !$*UTF8*$!
{
	archiveVersion = 1;
	classes = {
	};
	objectVersion = 56;
	objects = {

/* Begin PBXBuildFile section */
		620E45B02A6D8233003CBBEF /* Form Login.cpp in Sources */ = {isa = PBXBuildFile; fileRef = 620E45AE2A6D8233003CBBEF /* Form Login.cpp */; };
		626EB0272A69902100F86BEA /* main.cpp in Sources */ = {isa = PBXBuildFile; fileRef = 626EB0262A69902100F86BEA /* main.cpp */; };
		62C2E9D62A71190D0068D15F /* Dictionary.cpp in Sources */ = {isa = PBXBuildFile; fileRef = 62C2E9D52A71190D0068D15F /* Dictionary.cpp */; };
/* End PBXBuildFile section */

/* Begin PBXCopyFilesBuildPhase section */
		626EB0212A69902100F86BEA /* CopyFiles */ = {
			isa = PBXCopyFilesBuildPhase;
			buildActionMask = 2147483647;
			dstPath = /usr/share/man/man1/;
			dstSubfolderSpec = 0;
			files = (
			);
			runOnlyForDeploymentPostprocessing = 1;
		};
/* End PBXCopyFilesBuildPhase section */

/* Begin PBXFileReference section */
		620E45AC2A6D81B4003CBBEF /* Main.hpp */ = {isa = PBXFileReference; lastKnownFileType = sourcecode.cpp.h; path = Main.hpp; sourceTree = "<group>"; };
		620E45AE2A6D8233003CBBEF /* Form Login.cpp */ = {isa = PBXFileReference; lastKnownFileType = sourcecode.cpp.cpp; path = "Form Login.cpp"; sourceTree = "<group>"; };
		620E45AF2A6D8233003CBBEF /* Form Login.hpp */ = {isa = PBXFileReference; lastKnownFileType = sourcecode.cpp.h; path = "Form Login.hpp"; sourceTree = "<group>"; };
		621B32DC2A6E7043003014BC /* login.png */ = {isa = PBXFileReference; lastKnownFileType = image.png; path = login.png; sourceTree = "<group>"; };
		62674D9E2A6E4ECD00B8B560 /* bg.jpeg */ = {isa = PBXFileReference; lastKnownFileType = image.jpeg; path = bg.jpeg; sourceTree = "<group>"; };
		626EB0232A69902100F86BEA /* wxWidets 1st proj */ = {isa = PBXFileReference; explicitFileType = "compiled.mach-o.executable"; includeInIndex = 0; path = "wxWidets 1st proj"; sourceTree = BUILT_PRODUCTS_DIR; };
		626EB0262A69902100F86BEA /* main.cpp */ = {isa = PBXFileReference; lastKnownFileType = sourcecode.cpp.cpp; path = main.cpp; sourceTree = "<group>"; };
		62C2E9D02A70CECE0068D15F /* new account */ = {isa = PBXFileReference; fileEncoding = 4; lastKnownFileType = text; path = "new account"; sourceTree = "<group>"; };
		62C2E9D42A71190D0068D15F /* Dictionary.hpp */ = {isa = PBXFileReference; fileEncoding = 4; lastKnownFileType = sourcecode.cpp.h; path = Dictionary.hpp; sourceTree = "<group>"; };
		62C2E9D52A71190D0068D15F /* Dictionary.cpp */ = {isa = PBXFileReference; fileEncoding = 4; lastKnownFileType = sourcecode.cpp.cpp; path = Dictionary.cpp; sourceTree = "<group>"; };
		62F8AC212A718530004952A4 /* login2.png */ = {isa = PBXFileReference; lastKnownFileType = image.png; path = login2.png; sourceTree = "<group>"; };
		62F8AC222A7186F9004952A4 /* login3.png */ = {isa = PBXFileReference; lastKnownFileType = image.png; path = login3.png; sourceTree = "<group>"; };
		62F8AC232A71888C004952A4 /* login4.png */ = {isa = PBXFileReference; lastKnownFileType = image.png; path = login4.png; sourceTree = "<group>"; };
		62F8AC242A71893A004952A4 /* login5.png */ = {isa = PBXFileReference; lastKnownFileType = image.png; path = login5.png; sourceTree = "<group>"; };
/* End PBXFileReference section */

/* Begin PBXFrameworksBuildPhase section */
		626EB0202A69902100F86BEA /* Frameworks */ = {
			isa = PBXFrameworksBuildPhase;
			buildActionMask = 2147483647;
			files = (
			);
			runOnlyForDeploymentPostprocessing = 0;
		};
/* End PBXFrameworksBuildPhase section */

/* Begin PBXGroup section */
		626EB01A2A69902100F86BEA = {
			isa = PBXGroup;
			children = (
				626EB0252A69902100F86BEA /* wxWidets 1st proj */,
				626EB0242A69902100F86BEA /* Products */,
			);
			sourceTree = "<group>";
		};
		626EB0242A69902100F86BEA /* Products */ = {
			isa = PBXGroup;
			children = (
				626EB0232A69902100F86BEA /* wxWidets 1st proj */,
			);
			name = Products;
			sourceTree = "<group>";
		};
		626EB0252A69902100F86BEA /* wxWidets 1st proj */ = {
			isa = PBXGroup;
			children = (
				62C2E9D52A71190D0068D15F /* Dictionary.cpp */,
				62C2E9D42A71190D0068D15F /* Dictionary.hpp */,
				620E45AC2A6D81B4003CBBEF /* Main.hpp */,
				626EB0262A69902100F86BEA /* main.cpp */,
				620E45AF2A6D8233003CBBEF /* Form Login.hpp */,
				620E45AE2A6D8233003CBBEF /* Form Login.cpp */,
				62F8AC242A71893A004952A4 /* login5.png */,
				62F8AC232A71888C004952A4 /* login4.png */,
				62F8AC222A7186F9004952A4 /* login3.png */,
				62F8AC212A718530004952A4 /* login2.png */,
				621B32DC2A6E7043003014BC /* login.png */,
				62674D9E2A6E4ECD00B8B560 /* bg.jpeg */,
				62C2E9D02A70CECE0068D15F /* new account */,
			);
			path = "wxWidets 1st proj";
			sourceTree = "<group>";
		};
/* End PBXGroup section */

/* Begin PBXNativeTarget section */
		626EB0222A69902100F86BEA /* wxWidets 1st proj */ = {
			isa = PBXNativeTarget;
			buildConfigurationList = 626EB02A2A69902100F86BEA /* Build configuration list for PBXNativeTarget "wxWidets 1st proj" */;
			buildPhases = (
				626EB01F2A69902100F86BEA /* Sources */,
				626EB0202A69902100F86BEA /* Frameworks */,
				626EB0212A69902100F86BEA /* CopyFiles */,
			);
			buildRules = (
			);
			dependencies = (
			);
			name = "wxWidets 1st proj";
			productName = "wxWidets 1st proj";
			productReference = 626EB0232A69902100F86BEA /* wxWidets 1st proj */;
			productType = "com.apple.product-type.tool";
		};
/* End PBXNativeTarget section */

/* Begin PBXProject section */
		626EB01B2A69902100F86BEA /* Project object */ = {
			isa = PBXProject;
			attributes = {
				BuildIndependentTargetsInParallel = 1;
				LastUpgradeCheck = 1430;
				TargetAttributes = {
					626EB0222A69902100F86BEA = {
						CreatedOnToolsVersion = 14.3.1;
					};
				};
			};
			buildConfigurationList = 626EB01E2A69902100F86BEA /* Build configuration list for PBXProject "wxWidets 1st proj" */;
			compatibilityVersion = "Xcode 14.0";
			developmentRegion = en;
			hasScannedForEncodings = 0;
			knownRegions = (
				en,
				Base,
			);
			mainGroup = 626EB01A2A69902100F86BEA;
			productRefGroup = 626EB0242A69902100F86BEA /* Products */;
			projectDirPath = "";
			projectRoot = "";
			targets = (
				626EB0222A69902100F86BEA /* wxWidets 1st proj */,
			);
		};
/* End PBXProject section */

/* Begin PBXSourcesBuildPhase section */
		626EB01F2A69902100F86BEA /* Sources */ = {
			isa = PBXSourcesBuildPhase;
			buildActionMask = 2147483647;
			files = (
				620E45B02A6D8233003CBBEF /* Form Login.cpp in Sources */,
				626EB0272A69902100F86BEA /* main.cpp in Sources */,
				62C2E9D62A71190D0068D15F /* Dictionary.cpp in Sources */,
			);
			runOnlyForDeploymentPostprocessing = 0;
		};
/* End PBXSourcesBuildPhase section */

/* Begin XCBuildConfiguration section */
		626EB0282A69902100F86BEA /* Debug */ = {
			isa = XCBuildConfiguration;
			buildSettings = {
				ALWAYS_SEARCH_USER_PATHS = NO;
				CLANG_ANALYZER_NONNULL = YES;
				CLANG_ANALYZER_NUMBER_OBJECT_CONVERSION = YES_AGGRESSIVE;
				CLANG_CXX_LANGUAGE_STANDARD = "gnu++20";
				CLANG_ENABLE_MODULES = YES;
				CLANG_ENABLE_OBJC_ARC = YES;
				CLANG_ENABLE_OBJC_WEAK = YES;
				CLANG_WARN_BLOCK_CAPTURE_AUTORELEASING = YES;
				CLANG_WARN_BOOL_CONVERSION = YES;
				CLANG_WARN_COMMA = YES;
				CLANG_WARN_CONSTANT_CONVERSION = YES;
				CLANG_WARN_DEPRECATED_OBJC_IMPLEMENTATIONS = YES;
				CLANG_WARN_DIRECT_OBJC_ISA_USAGE = YES_ERROR;
				CLANG_WARN_DOCUMENTATION_COMMENTS = YES;
				CLANG_WARN_EMPTY_BODY = YES;
				CLANG_WARN_ENUM_CONVERSION = YES;
				CLANG_WARN_INFINITE_RECURSION = YES;
				CLANG_WARN_INT_CONVERSION = YES;
				CLANG_WARN_NON_LITERAL_NULL_CONVERSION = YES;
				CLANG_WARN_OBJC_IMPLICIT_RETAIN_SELF = YES;
				CLANG_WARN_OBJC_LITERAL_CONVERSION = YES;
				CLANG_WARN_OBJC_ROOT_CLASS = YES_ERROR;
				CLANG_WARN_QUOTED_INCLUDE_IN_FRAMEWORK_HEADER = YES;
				CLANG_WARN_RANGE_LOOP_ANALYSIS = YES;
				CLANG_WARN_STRICT_PROTOTYPES = YES;
				CLANG_WARN_SUSPICIOUS_MOVE = YES;
				CLANG_WARN_UNGUARDED_AVAILABILITY = YES_AGGRESSIVE;
				CLANG_WARN_UNREACHABLE_CODE = YES;
				CLANG_WARN__DUPLICATE_METHOD_MATCH = YES;
				COPY_PHASE_STRIP = NO;
				DEBUG_INFORMATION_FORMAT = dwarf;
				ENABLE_STRICT_OBJC_MSGSEND = YES;
				ENABLE_TESTABILITY = YES;
				GCC_C_LANGUAGE_STANDARD = gnu11;
				GCC_DYNAMIC_NO_PIC = NO;
				GCC_NO_COMMON_BLOCKS = YES;
				GCC_OPTIMIZATION_LEVEL = 0;
				GCC_PREPROCESSOR_DEFINITIONS = (
					"DEBUG=1",
					"$(inherited)",
				);
				GCC_WARN_64_TO_32_BIT_CONVERSION = YES;
				GCC_WARN_ABOUT_RETURN_TYPE = YES_ERROR;
				GCC_WARN_UNDECLARED_SELECTOR = YES;
				GCC_WARN_UNINITIALIZED_AUTOS = YES_AGGRESSIVE;
				GCC_WARN_UNUSED_FUNCTION = YES;
				GCC_WARN_UNUSED_VARIABLE = YES;
				MACOSX_DEPLOYMENT_TARGET = 13.3;
				MTL_ENABLE_DEBUG_INFO = INCLUDE_SOURCE;
				MTL_FAST_MATH = YES;
				ONLY_ACTIVE_ARCH = YES;
				SDKROOT = macosx;
			};
			name = Debug;
		};
		626EB0292A69902100F86BEA /* Release */ = {
			isa = XCBuildConfiguration;
			buildSettings = {
				ALWAYS_SEARCH_USER_PATHS = NO;
				CLANG_ANALYZER_NONNULL = YES;
				CLANG_ANALYZER_NUMBER_OBJECT_CONVERSION = YES_AGGRESSIVE;
				CLANG_CXX_LANGUAGE_STANDARD = "gnu++20";
				CLANG_ENABLE_MODULES = YES;
				CLANG_ENABLE_OBJC_ARC = YES;
				CLANG_ENABLE_OBJC_WEAK = YES;
				CLANG_WARN_BLOCK_CAPTURE_AUTORELEASING = YES;
				CLANG_WARN_BOOL_CONVERSION = YES;
				CLANG_WARN_COMMA = YES;
				CLANG_WARN_CONSTANT_CONVERSION = YES;
				CLANG_WARN_DEPRECATED_OBJC_IMPLEMENTATIONS = YES;
				CLANG_WARN_DIRECT_OBJC_ISA_USAGE = YES_ERROR;
				CLANG_WARN_DOCUMENTATION_COMMENTS = YES;
				CLANG_WARN_EMPTY_BODY = YES;
				CLANG_WARN_ENUM_CONVERSION = YES;
				CLANG_WARN_INFINITE_RECURSION = YES;
				CLANG_WARN_INT_CONVERSION = YES;
				CLANG_WARN_NON_LITERAL_NULL_CONVERSION = YES;
				CLANG_WARN_OBJC_IMPLICIT_RETAIN_SELF = YES;
				CLANG_WARN_OBJC_LITERAL_CONVERSION = YES;
				CLANG_WARN_OBJC_ROOT_CLASS = YES_ERROR;
				CLANG_WARN_QUOTED_INCLUDE_IN_FRAMEWORK_HEADER = YES;
				CLANG_WARN_RANGE_LOOP_ANALYSIS = YES;
				CLANG_WARN_STRICT_PROTOTYPES = YES;
				CLANG_WARN_SUSPICIOUS_MOVE = YES;
				CLANG_WARN_UNGUARDED_AVAILABILITY = YES_AGGRESSIVE;
				CLANG_WARN_UNREACHABLE_CODE = YES;
				CLANG_WARN__DUPLICATE_METHOD_MATCH = YES;
				COPY_PHASE_STRIP = NO;
				DEBUG_INFORMATION_FORMAT = "dwarf-with-dsym";
				ENABLE_NS_ASSERTIONS = NO;
				ENABLE_STRICT_OBJC_MSGSEND = YES;
				GCC_C_LANGUAGE_STANDARD = gnu11;
				GCC_NO_COMMON_BLOCKS = YES;
				GCC_WARN_64_TO_32_BIT_CONVERSION = YES;
				GCC_WARN_ABOUT_RETURN_TYPE = YES_ERROR;
				GCC_WARN_UNDECLARED_SELECTOR = YES;
				GCC_WARN_UNINITIALIZED_AUTOS = YES_AGGRESSIVE;
				GCC_WARN_UNUSED_FUNCTION = YES;
				GCC_WARN_UNUSED_VARIABLE = YES;
				MACOSX_DEPLOYMENT_TARGET = 13.3;
				MTL_ENABLE_DEBUG_INFO = NO;
				MTL_FAST_MATH = YES;
				SDKROOT = macosx;
			};
			name = Release;
		};
		626EB02B2A69902100F86BEA /* Debug */ = {
			isa = XCBuildConfiguration;
			buildSettings = {
				CLANG_WARN_DOCUMENTATION_COMMENTS = NO;
				CODE_SIGN_STYLE = Automatic;
				HEADER_SEARCH_PATHS = "/Users/nguyenbachtruonggiang/Downloads/wxWidgets-3.2.2.1/include";
				LIBRARY_SEARCH_PATHS = "/Users/nguyenbachtruonggiang/Downloads/wxWidgets-3.2.2.1/macbuild/lib";
				OTHER_CFLAGS = (
					"-DWXUSINGDLL",
					"-D__WXOSX_COCOA__",
					"-D__WXMAC__",
					"-D__WXOSX__",
					"-pthread",
				);
				OTHER_LDFLAGS = (
					"-lwx_osx_cocoau_xrc-3.2",
					"-lwx_osx_cocoau_webview-3.2",
					"-lwx_osx_cocoau_stc-3.2",
					"-lwx_osx_cocoau_richtext-3.2",
					"-lwx_osx_cocoau_ribbon-3.2",
					"-lwx_osx_cocoau_propgrid-3.2",
					"-lwx_osx_cocoau_aui-3.2",
					"-lwx_osx_cocoau_gl-3.2",
					"-lwx_osx_cocoau_media-3.2",
					"-lwx_osx_cocoau_html-3.2",
					"-lwx_osx_cocoau_qa-3.2",
					"-lwx_osx_cocoau_core-3.2",
					"-lwx_baseu_xml-3.2",
					"-lwx_baseu_net-3.2",
					"-lwx_baseu-3.2",
				);
				PRODUCT_NAME = "$(TARGET_NAME)";
			};
			name = Debug;
		};
		626EB02C2A69902100F86BEA /* Release */ = {
			isa = XCBuildConfiguration;
			buildSettings = {
				CLANG_WARN_DOCUMENTATION_COMMENTS = NO;
				CODE_SIGN_STYLE = Automatic;
				HEADER_SEARCH_PATHS = "/Users/nguyenbachtruonggiang/Downloads/wxWidgets-3.2.2.1/include";
				LIBRARY_SEARCH_PATHS = "/Users/nguyenbachtruonggiang/Downloads/wxWidgets-3.2.2.1/macbuild/lib";
				OTHER_CFLAGS = (
					"-DWXUSINGDLL",
					"-D__WXOSX_COCOA__",
					"-D__WXMAC__",
					"-D__WXOSX__",
					"-pthread",
				);
				OTHER_LDFLAGS = (
					"-lwx_osx_cocoau_xrc-3.2",
					"-lwx_osx_cocoau_webview-3.2",
					"-lwx_osx_cocoau_stc-3.2",
					"-lwx_osx_cocoau_richtext-3.2",
					"-lwx_osx_cocoau_ribbon-3.2",
					"-lwx_osx_cocoau_propgrid-3.2",
					"-lwx_osx_cocoau_aui-3.2",
					"-lwx_osx_cocoau_gl-3.2",
					"-lwx_osx_cocoau_media-3.2",
					"-lwx_osx_cocoau_html-3.2",
					"-lwx_osx_cocoau_qa-3.2",
					"-lwx_osx_cocoau_core-3.2",
					"-lwx_baseu_xml-3.2",
					"-lwx_baseu_net-3.2",
					"-lwx_baseu-3.2",
				);
				PRODUCT_NAME = "$(TARGET_NAME)";
			};
			name = Release;
		};
/* End XCBuildConfiguration section */

/* Begin XCConfigurationList section */
		626EB01E2A69902100F86BEA /* Build configuration list for PBXProject "wxWidets 1st proj" */ = {
			isa = XCConfigurationList;
			buildConfigurations = (
				626EB0282A69902100F86BEA /* Debug */,
				626EB0292A69902100F86BEA /* Release */,
			);
			defaultConfigurationIsVisible = 0;
			defaultConfigurationName = Release;
		};
		626EB02A2A69902100F86BEA /* Build configuration list for PBXNativeTarget "wxWidets 1st proj" */ = {
			isa = XCConfigurationList;
			buildConfigurations = (
				626EB02B2A69902100F86BEA /* Debug */,
				626EB02C2A69902100F86BEA /* Release */,
			);
			defaultConfigurationIsVisible = 0;
			defaultConfigurationName = Release;
		};
/* End XCConfigurationList section */
	};
	rootObject = 626EB01B2A69902100F86BEA /* Project object */;
}
