<?xml version="1.0" encoding="UTF-8" standalone="yes" ?>
<CodeBlocks_project_file>
	<FileVersion major="1" minor="6" />
	<Project>
		<Option title="Dictionary" />
		<Option pch_mode="2" />
		<Option compiler="gcc" />
		<Build>
			<Target title="Debug">
				<Option output="bin/Debug/Dictionary" prefix_auto="1" extension_auto="1" />
				<Option object_output="obj/Debug/" />
				<Option type="1" />
				<Option compiler="gcc" />
				<Compiler>
					<Add option="-g" />
				</Compiler>
			</Target>
			<Target title="Release">
				<Option output="bin/Release/Dictionary" prefix_auto="1" extension_auto="1" />
				<Option object_output="obj/Release/" />
				<Option type="1" />
				<Option compiler="gcc" />
				<Compiler>
					<Add option="-O2" />
				</Compiler>
				<Linker>
					<Add option="-s" />
				</Linker>
			</Target>
		</Build>
		<Compiler>
			<Add option="-Wall" />
			<Add option="-fexceptions" />
		</Compiler>
		<Unit filename="core.cpp" />
		<Unit filename="core.h" />
		<Unit filename="databankManager.cpp" />
		<Unit filename="databankManager.h" />
		<Unit filename="debugCore.cpp" />
		<Unit filename="debugCore.h" />
		<Unit filename="encodedecode.cpp" />
		<Unit filename="encodedecode.h" />
		<Unit filename="generalLib.cpp" />
		<Unit filename="generalLib.h" />
		<Unit filename="globalVariableController.cpp" />
		<Unit filename="globalVariableController.h" />
		<Unit filename="main.cpp" />
		<Unit filename="master.cpp" />
		<Unit filename="master.h" />
		<Unit filename="metadata.cpp" />
		<Unit filename="metadata.h" />
		<Unit filename="prototype.cpp" />
		<Unit filename="prototype.h" />
		<Unit filename="ternarySearchTree.cpp" />
		<Unit filename="ternarySearchTree.h" />
		<Unit filename="timeModule.cpp" />
		<Unit filename="timeModule.h" />
		<Unit filename="trie.cpp" />
		<Unit filename="trie.h" />
		<Extensions>
			<lib_finder disable_auto="1" />
		</Extensions>
	</Project>
</CodeBlocks_project_file>
